
Microsoft Visual Studio Solution File, Format Version 12.00
# Visual Studio Version 17
VisualStudioVersion = 17.0.31903.59
MinimumVisualStudioVersion = 10.0.40219.1
Project("{2150E333-8FDC-42A3-9474-1A3956D46DE8}") = "src", "src", "{A3A5FC2E-17A0-4D07-A6BF-76D1CE7226DE}"
EndProject
Project("{2150E333-8FDC-42A3-9474-1A3956D46DE8}") = "Core", "Core", "{27B7A44F-130A-4F63-A9BC-76D5FD80F570}"
EndProject
Project("{FAE04EC0-301F-11D3-BF4B-00C04F79EFBC}") = "TechConnect.Application", "src\Core\TechConnect.Application\TechConnect.Application.csproj", "{F9848B2B-BF75-41F6-9ECF-99943F53BCC6}"
EndProject
Project("{FAE04EC0-301F-11D3-BF4B-00C04F79EFBC}") = "TechConnect.Domain", "src\Core\TechConnect.Domain\TechConnect.Domain.csproj", "{2AFA049D-6C1C-4DB5-8F35-4E25EFF43D7A}"
EndProject
Project("{2150E333-8FDC-42A3-9474-1A3956D46DE8}") = "Infrastructure", "Infrastructure", "{AFE6C5CA-AC84-47AB-9570-69E916B78AC4}"
EndProject
Project("{FAE04EC0-301F-11D3-BF4B-00C04F79EFBC}") = "TechConnect.Infrastructure", "src\Infrastructure\TechConnect.Infrastructure\TechConnect.Infrastructure.csproj", "{2C9EE5A4-E55F-44A5-B5DF-9FEFDFC32865}"
EndProject
Project("{FAE04EC0-301F-11D3-BF4B-00C04F79EFBC}") = "TechConnect.Infrastructure.AI", "src\Infrastructure\TechConnect.Infrastructure.AI\TechConnect.Infrastructure.AI.csproj", "{B2B01BBC-1D39-4456-A7C4-B73B47353878}"
EndProject
Project("{2150E333-8FDC-42A3-9474-1A3956D46DE8}") = "Services", "Services", "{799ACA87-264F-4975-89B3-0B29B92D9BE3}"
EndProject
Project("{FAE04EC0-301F-11D3-BF4B-00C04F79EFBC}") = "TechConnect.AI.API", "src\Services\TechConnect.AI.API\TechConnect.AI.API.csproj", "{4CE3A53A-9E60-41E8-95C6-D4995B2AD343}"
EndProject
Project("{FAE04EC0-301F-11D3-BF4B-00C04F79EFBC}") = "TechConnect.Analytics.API", "src\Services\TechConnect.Analytics.API\TechConnect.Analytics.API.csproj", "{D9C36106-EBCE-47FE-9E0F-906FEAF58875}"
EndProject
Project("{FAE04EC0-301F-11D3-BF4B-00C04F79EFBC}") = "TechConnect.Community.API", "src\Services\TechConnect.Community.API\TechConnect.Community.API.csproj", "{AD465B6D-54A2-4D1B-AAF6-C4A6B029D5D5}"
EndProject
Project("{FAE04EC0-301F-11D3-BF4B-00C04F79EFBC}") = "TechConnect.Content.API", "src\Services\TechConnect.Content.API\TechConnect.Content.API.csproj", "{36D6FC70-8253-487D-87BC-56B78DDC5B0C}"
EndProject
Project("{FAE04EC0-301F-11D3-BF4B-00C04F79EFBC}") = "TechConnect.Identity.API", "src\Services\TechConnect.Identity.API\TechConnect.Identity.API.csproj", "{4C8F17A8-961E-4E27-8362-74FA8AB913FF}"
EndProject
Project("{2150E333-8FDC-42A3-9474-1A3956D46DE8}") = "Shared", "Shared", "{74D55B73-9D0F-4D47-BEBB-741C83928FFC}"
EndProject
Project("{FAE04EC0-301F-11D3-BF4B-00C04F79EFBC}") = "TechConnect.Shared.Common", "src\Shared\TechConnect.Shared.Common\TechConnect.Shared.Common.csproj", "{D4CF0D3B-8981-47EC-84F3-AC69EDB1E147}"
EndProject
Project("{FAE04EC0-301F-11D3-BF4B-00C04F79EFBC}") = "TechConnect.Shared.Contracts", "src\Shared\TechConnect.Shared.Contracts\TechConnect.Shared.Contracts.csproj", "{7BC50AD0-0B08-43B3-9BD4-24B022B0AA4D}"
EndProject
Project("{2150E333-8FDC-42A3-9474-1A3956D46DE8}") = "Web", "Web", "{BDC906AB-A7DA-4521-8D17-47DF5D01A1FE}"
EndProject
Project("{FAE04EC0-301F-11D3-BF4B-00C04F79EFBC}") = "TechConnect.Admin.Server", "src\Web\TechConnect.Admin.Server\TechConnect.Admin.Server.csproj", "{4A50CB10-E6E5-4AB7-9382-A14570EF3A01}"
EndProject
Project("{FAE04EC0-301F-11D3-BF4B-00C04F79EFBC}") = "TechConnect.Blazor.Client", "src\Web\TechConnect.Blazor.Client\TechConnect.Blazor.Client.csproj", "{27B6C9FB-5FB8-4AD7-A2DC-37C808D9D270}"
EndProject
Project("{2150E333-8FDC-42A3-9474-1A3956D46DE8}") = "tests", "tests", "{C19A9440-20DB-446E-9298-10C7840B0211}"
EndProject
Project("{2150E333-8FDC-42A3-9474-1A3956D46DE8}") = "E2ETests", "E2ETests", "{048C8959-6A83-4236-B44D-AA41D0D20F20}"
EndProject
Project("{FAE04EC0-301F-11D3-BF4B-00C04F79EFBC}") = "TechConnect.Web.E2ETests", "tests\E2ETests\TechConnect.Web.E2ETests\TechConnect.Web.E2ETests.csproj", "{2C3E1EB3-2166-4173-B3DA-CF1EF30D4EDC}"
EndProject
Project("{2150E333-8FDC-42A3-9474-1A3956D46DE8}") = "IntegrationTests", "IntegrationTests", "{CFFEF4E3-0C32-4524-A083-BAAE8784FE5E}"
EndProject
Project("{FAE04EC0-301F-11D3-BF4B-00C04F79EFBC}") = "TechConnect.AI.IntegrationTests", "tests\IntegrationTests\TechConnect.AI.IntegrationTests\TechConnect.AI.IntegrationTests.csproj", "{5EB9688D-3955-4633-9736-47BF25A44F28}"
EndProject
Project("{FAE04EC0-301F-11D3-BF4B-00C04F79EFBC}") = "TechConnect.API.IntegrationTests", "tests\IntegrationTests\TechConnect.API.IntegrationTests\TechConnect.API.IntegrationTests.csproj", "{C845FBB7-BBB7-46E8-BAAE-EFAF6CDB16E1}"
EndProject
Project("{2150E333-8FDC-42A3-9474-1A3956D46DE8}") = "UnitTests", "UnitTests", "{88B1E8BC-5018-4236-9213-661109EF93EF}"
EndProject
Project("{FAE04EC0-301F-11D3-BF4B-00C04F79EFBC}") = "TechConnect.Application.Tests", "tests\UnitTests\TechConnect.Application.Tests\TechConnect.Application.Tests.csproj", "{17C92234-04DF-4938-B29A-9A8B33276E05}"
EndProject
Project("{FAE04EC0-301F-11D3-BF4B-00C04F79EFBC}") = "TechConnect.Domain.Tests", "tests\UnitTests\TechConnect.Domain.Tests\TechConnect.Domain.Tests.csproj", "{CA05E684-332E-40F5-B164-B8921297685B}"
EndProject
Project("{FAE04EC0-301F-11D3-BF4B-00C04F79EFBC}") = "TechConnect.Infrastructure.Tests", "tests\UnitTests\TechConnect.Infrastructure.Tests\TechConnect.Infrastructure.Tests.csproj", "{3A983DED-26AA-4D60-85B5-FE1A0D94DFFE}"
EndProject
Global
	GlobalSection(SolutionConfigurationPlatforms) = preSolution
		Debug|Any CPU = Debug|Any CPU
		Release|Any CPU = Release|Any CPU
	EndGlobalSection
	GlobalSection(SolutionProperties) = preSolution
		HideSolutionNode = FALSE
	EndGlobalSection
	GlobalSection(ProjectConfigurationPlatforms) = postSolution
		{F9848B2B-BF75-41F6-9ECF-99943F53BCC6}.Debug|Any CPU.ActiveCfg = Debug|Any CPU
		{F9848B2B-BF75-41F6-9ECF-99943F53BCC6}.Debug|Any CPU.Build.0 = Debug|Any CPU
		{F9848B2B-BF75-41F6-9ECF-99943F53BCC6}.Release|Any CPU.ActiveCfg = Release|Any CPU
		{F9848B2B-BF75-41F6-9ECF-99943F53BCC6}.Release|Any CPU.Build.0 = Release|Any CPU
		{2AFA049D-6C1C-4DB5-8F35-4E25EFF43D7A}.Debug|Any CPU.ActiveCfg = Debug|Any CPU
		{2AFA049D-6C1C-4DB5-8F35-4E25EFF43D7A}.Debug|Any CPU.Build.0 = Debug|Any CPU
		{2AFA049D-6C1C-4DB5-8F35-4E25EFF43D7A}.Release|Any CPU.ActiveCfg = Release|Any CPU
		{2AFA049D-6C1C-4DB5-8F35-4E25EFF43D7A}.Release|Any CPU.Build.0 = Release|Any CPU
		{2C9EE5A4-E55F-44A5-B5DF-9FEFDFC32865}.Debug|Any CPU.ActiveCfg = Debug|Any CPU
		{2C9EE5A4-E55F-44A5-B5DF-9FEFDFC32865}.Debug|Any CPU.Build.0 = Debug|Any CPU
		{2C9EE5A4-E55F-44A5-B5DF-9FEFDFC32865}.Release|Any CPU.ActiveCfg = Release|Any CPU
		{2C9EE5A4-E55F-44A5-B5DF-9FEFDFC32865}.Release|Any CPU.Build.0 = Release|Any CPU
		{B2B01BBC-1D39-4456-A7C4-B73B47353878}.Debug|Any CPU.ActiveCfg = Debug|Any CPU
		{B2B01BBC-1D39-4456-A7C4-B73B47353878}.Debug|Any CPU.Build.0 = Debug|Any CPU
		{B2B01BBC-1D39-4456-A7C4-B73B47353878}.Release|Any CPU.ActiveCfg = Release|Any CPU
		{B2B01BBC-1D39-4456-A7C4-B73B47353878}.Release|Any CPU.Build.0 = Release|Any CPU
		{4CE3A53A-9E60-41E8-95C6-D4995B2AD343}.Debug|Any CPU.ActiveCfg = Debug|Any CPU
		{4CE3A53A-9E60-41E8-95C6-D4995B2AD343}.Debug|Any CPU.Build.0 = Debug|Any CPU
		{4CE3A53A-9E60-41E8-95C6-D4995B2AD343}.Release|Any CPU.ActiveCfg = Release|Any CPU
		{4CE3A53A-9E60-41E8-95C6-D4995B2AD343}.Release|Any CPU.Build.0 = Release|Any CPU
		{D9C36106-EBCE-47FE-9E0F-906FEAF58875}.Debug|Any CPU.ActiveCfg = Debug|Any CPU
		{D9C36106-EBCE-47FE-9E0F-906FEAF58875}.Debug|Any CPU.Build.0 = Debug|Any CPU
		{D9C36106-EBCE-47FE-9E0F-906FEAF58875}.Release|Any CPU.ActiveCfg = Release|Any CPU
		{D9C36106-EBCE-47FE-9E0F-906FEAF58875}.Release|Any CPU.Build.0 = Release|Any CPU
		{AD465B6D-54A2-4D1B-AAF6-C4A6B029D5D5}.Debug|Any CPU.ActiveCfg = Debug|Any CPU
		{AD465B6D-54A2-4D1B-AAF6-C4A6B029D5D5}.Debug|Any CPU.Build.0 = Debug|Any CPU
		{AD465B6D-54A2-4D1B-AAF6-C4A6B029D5D5}.Release|Any CPU.ActiveCfg = Release|Any CPU
		{AD465B6D-54A2-4D1B-AAF6-C4A6B029D5D5}.Release|Any CPU.Build.0 = Release|Any CPU
		{36D6FC70-8253-487D-87BC-56B78DDC5B0C}.Debug|Any CPU.ActiveCfg = Debug|Any CPU
		{36D6FC70-8253-487D-87BC-56B78DDC5B0C}.Debug|Any CPU.Build.0 = Debug|Any CPU
		{36D6FC70-8253-487D-87BC-56B78DDC5B0C}.Release|Any CPU.ActiveCfg = Release|Any CPU
		{36D6FC70-8253-487D-87BC-56B78DDC5B0C}.Release|Any CPU.Build.0 = Release|Any CPU
		{4C8F17A8-961E-4E27-8362-74FA8AB913FF}.Debug|Any CPU.ActiveCfg = Debug|Any CPU
		{4C8F17A8-961E-4E27-8362-74FA8AB913FF}.Debug|Any CPU.Build.0 = Debug|Any CPU
		{4C8F17A8-961E-4E27-8362-74FA8AB913FF}.Release|Any CPU.ActiveCfg = Release|Any CPU
		{4C8F17A8-961E-4E27-8362-74FA8AB913FF}.Release|Any CPU.Build.0 = Release|Any CPU
		{D4CF0D3B-8981-47EC-84F3-AC69EDB1E147}.Debug|Any CPU.ActiveCfg = Debug|Any CPU
		{D4CF0D3B-8981-47EC-84F3-AC69EDB1E147}.Debug|Any CPU.Build.0 = Debug|Any CPU
		{D4CF0D3B-8981-47EC-84F3-AC69EDB1E147}.Release|Any CPU.ActiveCfg = Release|Any CPU
		{D4CF0D3B-8981-47EC-84F3-AC69EDB1E147}.Release|Any CPU.Build.0 = Release|Any CPU
		{7BC50AD0-0B08-43B3-9BD4-24B022B0AA4D}.Debug|Any CPU.ActiveCfg = Debug|Any CPU
		{7BC50AD0-0B08-43B3-9BD4-24B022B0AA4D}.Debug|Any CPU.Build.0 = Debug|Any CPU
		{7BC50AD0-0B08-43B3-9BD4-24B022B0AA4D}.Release|Any CPU.ActiveCfg = Release|Any CPU
		{7BC50AD0-0B08-43B3-9BD4-24B022B0AA4D}.Release|Any CPU.Build.0 = Release|Any CPU
		{4A50CB10-E6E5-4AB7-9382-A14570EF3A01}.Debug|Any CPU.ActiveCfg = Debug|Any CPU
		{4A50CB10-E6E5-4AB7-9382-A14570EF3A01}.Debug|Any CPU.Build.0 = Debug|Any CPU
		{4A50CB10-E6E5-4AB7-9382-A14570EF3A01}.Release|Any CPU.ActiveCfg = Release|Any CPU
		{4A50CB10-E6E5-4AB7-9382-A14570EF3A01}.Release|Any CPU.Build.0 = Release|Any CPU
		{27B6C9FB-5FB8-4AD7-A2DC-37C808D9D270}.Debug|Any CPU.ActiveCfg = Debug|Any CPU
		{27B6C9FB-5FB8-4AD7-A2DC-37C808D9D270}.Debug|Any CPU.Build.0 = Debug|Any CPU
		{27B6C9FB-5FB8-4AD7-A2DC-37C808D9D270}.Release|Any CPU.ActiveCfg = Release|Any CPU
		{27B6C9FB-5FB8-4AD7-A2DC-37C808D9D270}.Release|Any CPU.Build.0 = Release|Any CPU
		{2C3E1EB3-2166-4173-B3DA-CF1EF30D4EDC}.Debug|Any CPU.ActiveCfg = Debug|Any CPU
		{2C3E1EB3-2166-4173-B3DA-CF1EF30D4EDC}.Debug|Any CPU.Build.0 = Debug|Any CPU
		{2C3E1EB3-2166-4173-B3DA-CF1EF30D4EDC}.Release|Any CPU.ActiveCfg = Release|Any CPU
		{2C3E1EB3-2166-4173-B3DA-CF1EF30D4EDC}.Release|Any CPU.Build.0 = Release|Any CPU
		{5EB9688D-3955-4633-9736-47BF25A44F28}.Debug|Any CPU.ActiveCfg = Debug|Any CPU
		{5EB9688D-3955-4633-9736-47BF25A44F28}.Debug|Any CPU.Build.0 = Debug|Any CPU
		{5EB9688D-3955-4633-9736-47BF25A44F28}.Release|Any CPU.ActiveCfg = Release|Any CPU
		{5EB9688D-3955-4633-9736-47BF25A44F28}.Release|Any CPU.Build.0 = Release|Any CPU
		{C845FBB7-BBB7-46E8-BAAE-EFAF6CDB16E1}.Debug|Any CPU.ActiveCfg = Debug|Any CPU
		{C845FBB7-BBB7-46E8-BAAE-EFAF6CDB16E1}.Debug|Any CPU.Build.0 = Debug|Any CPU
		{C845FBB7-BBB7-46E8-BAAE-EFAF6CDB16E1}.Release|Any CPU.ActiveCfg = Release|Any CPU
		{C845FBB7-BBB7-46E8-BAAE-EFAF6CDB16E1}.Release|Any CPU.Build.0 = Release|Any CPU
		{17C92234-04DF-4938-B29A-9A8B33276E05}.Debug|Any CPU.ActiveCfg = Debug|Any CPU
		{17C92234-04DF-4938-B29A-9A8B33276E05}.Debug|Any CPU.Build.0 = Debug|Any CPU
		{17C92234-04DF-4938-B29A-9A8B33276E05}.Release|Any CPU.ActiveCfg = Release|Any CPU
		{17C92234-04DF-4938-B29A-9A8B33276E05}.Release|Any CPU.Build.0 = Release|Any CPU
		{CA05E684-332E-40F5-B164-B8921297685B}.Debug|Any CPU.ActiveCfg = Debug|Any CPU
		{CA05E684-332E-40F5-B164-B8921297685B}.Debug|Any CPU.Build.0 = Debug|Any CPU
		{CA05E684-332E-40F5-B164-B8921297685B}.Release|Any CPU.ActiveCfg = Release|Any CPU
		{CA05E684-332E-40F5-B164-B8921297685B}.Release|Any CPU.Build.0 = Release|Any CPU
		{3A983DED-26AA-4D60-85B5-FE1A0D94DFFE}.Debug|Any CPU.ActiveCfg = Debug|Any CPU
		{3A983DED-26AA-4D60-85B5-FE1A0D94DFFE}.Debug|Any CPU.Build.0 = Debug|Any CPU
		{3A983DED-26AA-4D60-85B5-FE1A0D94DFFE}.Release|Any CPU.ActiveCfg = Release|Any CPU
		{3A983DED-26AA-4D60-85B5-FE1A0D94DFFE}.Release|Any CPU.Build.0 = Release|Any CPU
	EndGlobalSection
	GlobalSection(NestedProjects) = preSolution
		{27B7A44F-130A-4F63-A9BC-76D5FD80F570} = {A3A5FC2E-17A0-4D07-A6BF-76D1CE7226DE}
		{F9848B2B-BF75-41F6-9ECF-99943F53BCC6} = {27B7A44F-130A-4F63-A9BC-76D5FD80F570}
		{2AFA049D-6C1C-4DB5-8F35-4E25EFF43D7A} = {27B7A44F-130A-4F63-A9BC-76D5FD80F570}
		{AFE6C5CA-AC84-47AB-9570-69E916B78AC4} = {A3A5FC2E-17A0-4D07-A6BF-76D1CE7226DE}
		{2C9EE5A4-E55F-44A5-B5DF-9FEFDFC32865} = {AFE6C5CA-AC84-47AB-9570-69E916B78AC4}
		{B2B01BBC-1D39-4456-A7C4-B73B47353878} = {AFE6C5CA-AC84-47AB-9570-69E916B78AC4}
		{799ACA87-264F-4975-89B3-0B29B92D9BE3} = {A3A5FC2E-17A0-4D07-A6BF-76D1CE7226DE}
		{4CE3A53A-9E60-41E8-95C6-D4995B2AD343} = {799ACA87-264F-4975-89B3-0B29B92D9BE3}
		{D9C36106-EBCE-47FE-9E0F-906FEAF58875} = {799ACA87-264F-4975-89B3-0B29B92D9BE3}
		{AD465B6D-54A2-4D1B-AAF6-C4A6B029D5D5} = {799ACA87-264F-4975-89B3-0B29B92D9BE3}
		{36D6FC70-8253-487D-87BC-56B78DDC5B0C} = {799ACA87-264F-4975-89B3-0B29B92D9BE3}
		{4C8F17A8-961E-4E27-8362-74FA8AB913FF} = {799ACA87-264F-4975-89B3-0B29B92D9BE3}
		{74D55B73-9D0F-4D47-BEBB-741C83928FFC} = {A3A5FC2E-17A0-4D07-A6BF-76D1CE7226DE}
		{D4CF0D3B-8981-47EC-84F3-AC69EDB1E147} = {74D55B73-9D0F-4D47-BEBB-741C83928FFC}
		{7BC50AD0-0B08-43B3-9BD4-24B022B0AA4D} = {74D55B73-9D0F-4D47-BEBB-741C83928FFC}
		{BDC906AB-A7DA-4521-8D17-47DF5D01A1FE} = {A3A5FC2E-17A0-4D07-A6BF-76D1CE7226DE}
		{4A50CB10-E6E5-4AB7-9382-A14570EF3A01} = {BDC906AB-A7DA-4521-8D17-47DF5D01A1FE}
		{27B6C9FB-5FB8-4AD7-A2DC-37C808D9D270} = {BDC906AB-A7DA-4521-8D17-47DF5D01A1FE}
		{048C8959-6A83-4236-B44D-AA41D0D20F20} = {C19A9440-20DB-446E-9298-10C7840B0211}
		{2C3E1EB3-2166-4173-B3DA-CF1EF30D4EDC} = {048C8959-6A83-4236-B44D-AA41D0D20F20}
		{CFFEF4E3-0C32-4524-A083-BAAE8784FE5E} = {C19A9440-20DB-446E-9298-10C7840B0211}
		{5EB9688D-3955-4633-9736-47BF25A44F28} = {CFFEF4E3-0C32-4524-A083-BAAE8784FE5E}
		{C845FBB7-BBB7-46E8-BAAE-EFAF6CDB16E1} = {CFFEF4E3-0C32-4524-A083-BAAE8784FE5E}
		{88B1E8BC-5018-4236-9213-661109EF93EF} = {C19A9440-20DB-446E-9298-10C7840B0211}
		{17C92234-04DF-4938-B29A-9A8B33276E05} = {88B1E8BC-5018-4236-9213-661109EF93EF}
		{CA05E684-332E-40F5-B164-B8921297685B} = {88B1E8BC-5018-4236-9213-661109EF93EF}
		{3A983DED-26AA-4D60-85B5-FE1A0D94DFFE} = {88B1E8BC-5018-4236-9213-661109EF93EF}
	EndGlobalSection
EndGlobal
